// !$*UTF8*$!
{
	archiveVersion = 1;
	classes = {
	};
	objectVersion = 46;
	objects = {

/* Begin PBXBuildFile section */
		EE0EB96F1AEEE925006AF9E9 /* ConditionalOrderedTask.swift in Sources */ = {isa = PBXBuildFile; fileRef = EE0EB96E1AEEE925006AF9E9 /* ConditionalOrderedTask.swift */; };
		EE1AB3B71C23283100711108 /* HKHealthStore+Sampling.swift in Sources */ = {isa = PBXBuildFile; fileRef = EE1AB3B51C23283100711108 /* HKHealthStore+Sampling.swift */; };
		EE1AB3BA1C23286200711108 /* HKQuantity+FHIR.swift in Sources */ = {isa = PBXBuildFile; fileRef = EE1AB3B91C23286200711108 /* HKQuantity+FHIR.swift */; };
		EE2D8DE51B87764200D044B4 /* EncryptedDataQueue.swift in Sources */ = {isa = PBXBuildFile; fileRef = EE2D8DE41B87764200D044B4 /* EncryptedDataQueue.swift */; };
		EE507A2E1B1DF2B000AE02E9 /* DataQueueManager.swift in Sources */ = {isa = PBXBuildFile; fileRef = EE507A2D1B1DF2B000AE02E9 /* DataQueueManager.swift */; };
		EE507A3B1B1E169300AE02E9 /* OAuth2DynRegAppStore.swift in Sources */ = {isa = PBXBuildFile; fileRef = EE507A3A1B1E169300AE02E9 /* OAuth2DynRegAppStore.swift */; };
		EE519BA31B0CD44300036B96 /* QuestionnaireExtensions.swift in Sources */ = {isa = PBXBuildFile; fileRef = EE519BA21B0CD44200036B96 /* QuestionnaireExtensions.swift */; };
		EE5931771AEAD9AF00A7C5E1 /* SMART.framework in Frameworks */ = {isa = PBXBuildFile; fileRef = EE5931701AEAD93F00A7C5E1 /* SMART.framework */; };
		EE5F4F6C1B174BB000DB38B3 /* DataQueue.swift in Sources */ = {isa = PBXBuildFile; fileRef = EE5F4F6B1B174BB000DB38B3 /* DataQueue.swift */; };
		EE5F4F6E1B17A84A00DB38B3 /* QueuedResource.swift in Sources */ = {isa = PBXBuildFile; fileRef = EE5F4F6D1B17A84A00DB38B3 /* QueuedResource.swift */; };
		EE7A43931B0D08DE00B30D17 /* ConsentController.swift in Sources */ = {isa = PBXBuildFile; fileRef = EE7A43921B0D08DE00B30D17 /* ConsentController.swift */; };
		EE851A551BD90984007EC6A9 /* EligibilityStatusViewController.swift in Sources */ = {isa = PBXBuildFile; fileRef = EE851A541BD90984007EC6A9 /* EligibilityStatusViewController.swift */; };
		EE851A651BD90DBC007EC6A9 /* BorderedButton.swift in Sources */ = {isa = PBXBuildFile; fileRef = EE851A641BD90DBC007EC6A9 /* BorderedButton.swift */; };
		EE86C4721C490B7400B7D486 /* SystemServicePermissioner.swift in Sources */ = {isa = PBXBuildFile; fileRef = EE86C4711C490B7400B7D486 /* SystemServicePermissioner.swift */; };
		EE86C47C1C490C4B00B7D486 /* SystemService.swift in Sources */ = {isa = PBXBuildFile; fileRef = EE86C47B1C490C4B00B7D486 /* SystemService.swift */; };
		EE86C47E1C492F3C00B7D486 /* SystemPermissionStep.swift in Sources */ = {isa = PBXBuildFile; fileRef = EE86C47D1C492F3C00B7D486 /* SystemPermissionStep.swift */; };
		EE86C4801C49327D00B7D486 /* SystemPermissionStepViewController.swift in Sources */ = {isa = PBXBuildFile; fileRef = EE86C47F1C49327D00B7D486 /* SystemPermissionStepViewController.swift */; };
		EE86C48D1C4AB47500B7D486 /* PermissionRequestTableViewCell.swift in Sources */ = {isa = PBXBuildFile; fileRef = EE86C48C1C4AB47500B7D486 /* PermissionRequestTableViewCell.swift */; };
		EE86C48F1C4AC1E500B7D486 /* String+C3-PRO.swift in Sources */ = {isa = PBXBuildFile; fileRef = EE86C48E1C4AC1E500B7D486 /* String+C3-PRO.swift */; };
		EE8901101B7DEE8200F1EDBF /* ConsentTask.swift in Sources */ = {isa = PBXBuildFile; fileRef = EE89010F1B7DEE8200F1EDBF /* ConsentTask.swift */; };
		EE8901171B7DF08300F1EDBF /* ContractExtensions.swift in Sources */ = {isa = PBXBuildFile; fileRef = EE8901161B7DF08300F1EDBF /* ContractExtensions.swift */; };
		EEA5CF191BEA5B5A00A6D4C9 /* ConsentResult.swift in Sources */ = {isa = PBXBuildFile; fileRef = EEA5CF181BEA5B5A00A6D4C9 /* ConsentResult.swift */; };
		EEA85BEA1C624482009FFBB7 /* CryptoSwift.framework in Frameworks */ = {isa = PBXBuildFile; fileRef = EE32BDFE1B8396A100024E7A /* CryptoSwift.framework */; };
		EEB6DD1B1B5D3F91006A3B9F /* DeIdentifier.swift in Sources */ = {isa = PBXBuildFile; fileRef = EEB6DD1A1B5D3F91006A3B9F /* DeIdentifier.swift */; };
		EEB6DD241B5D3FEC006A3B9F /* Geocoder.swift in Sources */ = {isa = PBXBuildFile; fileRef = EEB6DD231B5D3FEC006A3B9F /* Geocoder.swift */; };
		EEC3C95D1B83D3C80096D5BE /* RSAUtility.swift in Sources */ = {isa = PBXBuildFile; fileRef = EEC3C95C1B83D3C80096D5BE /* RSAUtility.swift */; };
		EEC3C95F1B83DA650096D5BE /* AESUtility.swift in Sources */ = {isa = PBXBuildFile; fileRef = EEC3C95E1B83DA650096D5BE /* AESUtility.swift */; };
		EEC6DC2B1C4D3CDD00A42E87 /* SystemPermissionTableViewController.swift in Sources */ = {isa = PBXBuildFile; fileRef = EEC6DC2A1C4D3CDD00A42E87 /* SystemPermissionTableViewController.swift */; };
		EEC6DC3D1C4D4F0200A42E87 /* C3PRO.strings in Resources */ = {isa = PBXBuildFile; fileRef = EEC6DC3F1C4D4F0200A42E87 /* C3PRO.strings */; };
		EEE60CD31C68999E00F381B7 /* ConditionalStep.swift in Sources */ = {isa = PBXBuildFile; fileRef = EEE60CD21C68999E00F381B7 /* ConditionalStep.swift */; };
		EEEA7F481BD61EA20089BF85 /* StudyIntroCollectionViewController.swift in Sources */ = {isa = PBXBuildFile; fileRef = EEEA7F471BD61EA20089BF85 /* StudyIntroCollectionViewController.swift */; };
		EEEA7F4A1BD624490089BF85 /* StudyIntroCollectionViewCell.swift in Sources */ = {isa = PBXBuildFile; fileRef = EEEA7F491BD624490089BF85 /* StudyIntroCollectionViewCell.swift */; };
		EEEA7F4C1BD627570089BF85 /* StudyIntroItem.swift in Sources */ = {isa = PBXBuildFile; fileRef = EEEA7F4B1BD627570089BF85 /* StudyIntroItem.swift */; };
		EEEA7F671BD68DFE0089BF85 /* StudyIntroConfiguration.swift in Sources */ = {isa = PBXBuildFile; fileRef = EEEA7F661BD68DFE0089BF85 /* StudyIntroConfiguration.swift */; };
		EEEA7F691BD68E800089BF85 /* C3Error.swift in Sources */ = {isa = PBXBuildFile; fileRef = EEEA7F681BD68E800089BF85 /* C3Error.swift */; };
		EEEA7FCB1BD784FA0089BF85 /* WebViewController.swift in Sources */ = {isa = PBXBuildFile; fileRef = EEEA7FCA1BD784FA0089BF85 /* WebViewController.swift */; };
		EEEA7FCF1BD785360089BF85 /* FHIRExtensions.swift in Sources */ = {isa = PBXBuildFile; fileRef = EEEA7FCC1BD785360089BF85 /* FHIRExtensions.swift */; };
		EEEA7FD01BD785360089BF85 /* FoundationExtensions.swift in Sources */ = {isa = PBXBuildFile; fileRef = EEEA7FCD1BD785360089BF85 /* FoundationExtensions.swift */; };
		EEEA7FD31BD8D9890089BF85 /* EligibilityCheckViewController.swift in Sources */ = {isa = PBXBuildFile; fileRef = EEEA7FD21BD8D9890089BF85 /* EligibilityCheckViewController.swift */; };
		EEEEAB801BDA9648001F8B5C /* EligibilityRequirement.swift in Sources */ = {isa = PBXBuildFile; fileRef = EEEEAB7F1BDA9648001F8B5C /* EligibilityRequirement.swift */; };
		EEEEAB891BDA97EE001F8B5C /* GroupExtensions.swift in Sources */ = {isa = PBXBuildFile; fileRef = EEEEAB881BDA97EE001F8B5C /* GroupExtensions.swift */; };
		EEF1B0C01B0CF4BB0061926E /* QuestionnaireController.swift in Sources */ = {isa = PBXBuildFile; fileRef = EEF1B0BF1B0CF4BB0061926E /* QuestionnaireController.swift */; };
		EEF458561B3DC1230076CE76 /* ORKTaskResult+FHIR.swift in Sources */ = {isa = PBXBuildFile; fileRef = EEF458551B3DC1230076CE76 /* ORKTaskResult+FHIR.swift */; };
		EEFA84C71AE5C18B00E61006 /* C3PRO.framework in Frameworks */ = {isa = PBXBuildFile; fileRef = EEFA84BB1AE5C18B00E61006 /* C3PRO.framework */; };
		EEFA84CE1AE5C18B00E61006 /* C3PROTests.swift in Sources */ = {isa = PBXBuildFile; fileRef = EEFA84CD1AE5C18B00E61006 /* C3PROTests.swift */; };
		EEFA84DB1AE5C25500E61006 /* QuestionnairePromise.swift in Sources */ = {isa = PBXBuildFile; fileRef = EEFA84D81AE5C25500E61006 /* QuestionnairePromise.swift */; };
		EEFA84DC1AE5C25500E61006 /* QuestionnaireItemPromise.swift in Sources */ = {isa = PBXBuildFile; fileRef = EEFA84D91AE5C25500E61006 /* QuestionnaireItemPromise.swift */; };
		EEFA84FA1AE5C2BC00E61006 /* ResearchKit.framework in Frameworks */ = {isa = PBXBuildFile; fileRef = EEFA84F31AE5C29100E61006 /* ResearchKit.framework */; };
/* End PBXBuildFile section */

/* Begin PBXContainerItemProxy section */
		EE1EAD611C5BD631000A0BD4 /* PBXContainerItemProxy */ = {
			isa = PBXContainerItemProxy;
			containerPortal = EE32BDF71B8396A100024E7A /* CryptoSwift.xcodeproj */;
			proxyType = 2;
			remoteGlobalIDString = 5596BDBB1BC8F220007E38D5;
			remoteInfo = "CryptoSwift watchOS";
		};
		EE1EAD631C5BD631000A0BD4 /* PBXContainerItemProxy */ = {
			isa = PBXContainerItemProxy;
			containerPortal = EE32BDF71B8396A100024E7A /* CryptoSwift.xcodeproj */;
			proxyType = 2;
			remoteGlobalIDString = 75D614BF1BD844F2001358B2;
			remoteInfo = "CryptoSwift tvOS";
		};
		EE1EAD651C5BD631000A0BD4 /* PBXContainerItemProxy */ = {
			isa = PBXContainerItemProxy;
			containerPortal = EE32BDF71B8396A100024E7A /* CryptoSwift.xcodeproj */;
			proxyType = 2;
			remoteGlobalIDString = 75DF77721BC8EB59006E9520;
			remoteInfo = "CryptoSwift OSX";
		};
		EE32BDFD1B8396A100024E7A /* PBXContainerItemProxy */ = {
			isa = PBXContainerItemProxy;
			containerPortal = EE32BDF71B8396A100024E7A /* CryptoSwift.xcodeproj */;
			proxyType = 2;
			remoteGlobalIDString = 754BE45519693E190098E6F3;
			remoteInfo = CryptoSwift;
		};
		EE32BDFF1B8396A100024E7A /* PBXContainerItemProxy */ = {
			isa = PBXContainerItemProxy;
			containerPortal = EE32BDF71B8396A100024E7A /* CryptoSwift.xcodeproj */;
			proxyType = 2;
			remoteGlobalIDString = 754BE46019693E190098E6F3;
			remoteInfo = CryptoSwiftTests;
		};
		EE32BE061B8396B300024E7A /* PBXContainerItemProxy */ = {
			isa = PBXContainerItemProxy;
			containerPortal = EE32BDF71B8396A100024E7A /* CryptoSwift.xcodeproj */;
			proxyType = 1;
			remoteGlobalIDString = 754BE45419693E190098E6F3;
			remoteInfo = CryptoSwift;
		};
		EE59316F1AEAD93F00A7C5E1 /* PBXContainerItemProxy */ = {
			isa = PBXContainerItemProxy;
			containerPortal = EE5931671AEAD93F00A7C5E1 /* SwiftSMART.xcodeproj */;
			proxyType = 2;
			remoteGlobalIDString = EE43B1A919546D880017679A;
			remoteInfo = "SwiftSMART-iOS";
		};
		EE5931711AEAD93F00A7C5E1 /* PBXContainerItemProxy */ = {
			isa = PBXContainerItemProxy;
			containerPortal = EE5931671AEAD93F00A7C5E1 /* SwiftSMART.xcodeproj */;
			proxyType = 2;
			remoteGlobalIDString = EE43B1B319546D880017679A;
			remoteInfo = "SwiftSMART-iOSTests";
		};
		EE5931731AEAD93F00A7C5E1 /* PBXContainerItemProxy */ = {
			isa = PBXContainerItemProxy;
			containerPortal = EE5931671AEAD93F00A7C5E1 /* SwiftSMART.xcodeproj */;
			proxyType = 2;
			remoteGlobalIDString = EECAA7831A5D3DE60062C64B;
			remoteInfo = "SwiftSMART-OSX";
		};
		EE5931751AEAD93F00A7C5E1 /* PBXContainerItemProxy */ = {
			isa = PBXContainerItemProxy;
			containerPortal = EE5931671AEAD93F00A7C5E1 /* SwiftSMART.xcodeproj */;
			proxyType = 2;
			remoteGlobalIDString = EE13AA921A5D44D100B901FD;
			remoteInfo = "SwiftSMART-OSXTests";
		};
		EE5931781AEAD9B800A7C5E1 /* PBXContainerItemProxy */ = {
			isa = PBXContainerItemProxy;
			containerPortal = EE5931671AEAD93F00A7C5E1 /* SwiftSMART.xcodeproj */;
			proxyType = 1;
			remoteGlobalIDString = EE43B1A819546D880017679A;
			remoteInfo = "SwiftSMART-iOS";
		};
		EEFA84C81AE5C18B00E61006 /* PBXContainerItemProxy */ = {
			isa = PBXContainerItemProxy;
			containerPortal = EEFA84B21AE5C18B00E61006 /* Project object */;
			proxyType = 1;
			remoteGlobalIDString = EEFA84BA1AE5C18B00E61006;
			remoteInfo = ResearchCHIP;
		};
		EEFA84F21AE5C29100E61006 /* PBXContainerItemProxy */ = {
			isa = PBXContainerItemProxy;
			containerPortal = EEFA84EC1AE5C29100E61006 /* ResearchKit.xcodeproj */;
			proxyType = 2;
			remoteGlobalIDString = B183A5951A8535D100C76870;
			remoteInfo = ResearchKit;
		};
		EEFA84F41AE5C29100E61006 /* PBXContainerItemProxy */ = {
			isa = PBXContainerItemProxy;
			containerPortal = EEFA84EC1AE5C29100E61006 /* ResearchKit.xcodeproj */;
			proxyType = 2;
			remoteGlobalIDString = 86CC8E9A1AC09332001CCD89;
			remoteInfo = ResearchKitTests;
		};
		EEFA84F81AE5C2B300E61006 /* PBXContainerItemProxy */ = {
			isa = PBXContainerItemProxy;
			containerPortal = EEFA84EC1AE5C29100E61006 /* ResearchKit.xcodeproj */;
			proxyType = 1;
			remoteGlobalIDString = B183A4731A8535D100C76870;
			remoteInfo = ResearchKit;
		};
/* End PBXContainerItemProxy section */

/* Begin PBXFileReference section */
		EE0EB96E1AEEE925006AF9E9 /* ConditionalOrderedTask.swift */ = {isa = PBXFileReference; fileEncoding = 4; lastKnownFileType = sourcecode.swift; path = ConditionalOrderedTask.swift; sourceTree = "<group>"; };
		EE1AB3B51C23283100711108 /* HKHealthStore+Sampling.swift */ = {isa = PBXFileReference; fileEncoding = 4; lastKnownFileType = sourcecode.swift; path = "HKHealthStore+Sampling.swift"; sourceTree = "<group>"; };
		EE1AB3B61C23283100711108 /* README.md */ = {isa = PBXFileReference; fileEncoding = 4; lastKnownFileType = net.daringfireball.markdown; path = README.md; sourceTree = "<group>"; };
		EE1AB3B91C23286200711108 /* HKQuantity+FHIR.swift */ = {isa = PBXFileReference; fileEncoding = 4; lastKnownFileType = sourcecode.swift; path = "HKQuantity+FHIR.swift"; sourceTree = "<group>"; };
		EE2D8DE41B87764200D044B4 /* EncryptedDataQueue.swift */ = {isa = PBXFileReference; fileEncoding = 4; lastKnownFileType = sourcecode.swift; path = EncryptedDataQueue.swift; sourceTree = "<group>"; };
		EE32BDF71B8396A100024E7A /* CryptoSwift.xcodeproj */ = {isa = PBXFileReference; lastKnownFileType = "wrapper.pb-project"; name = CryptoSwift.xcodeproj; path = CryptoSwift/CryptoSwift.xcodeproj; sourceTree = "<group>"; };
		EE507A2D1B1DF2B000AE02E9 /* DataQueueManager.swift */ = {isa = PBXFileReference; fileEncoding = 4; lastKnownFileType = sourcecode.swift; path = DataQueueManager.swift; sourceTree = "<group>"; };
		EE507A3A1B1E169300AE02E9 /* OAuth2DynRegAppStore.swift */ = {isa = PBXFileReference; fileEncoding = 4; lastKnownFileType = sourcecode.swift; path = OAuth2DynRegAppStore.swift; sourceTree = "<group>"; };
		EE519B9C1B0CD3AC00036B96 /* README.md */ = {isa = PBXFileReference; lastKnownFileType = net.daringfireball.markdown; path = README.md; sourceTree = "<group>"; };
		EE519BA21B0CD44200036B96 /* QuestionnaireExtensions.swift */ = {isa = PBXFileReference; fileEncoding = 4; lastKnownFileType = sourcecode.swift; path = QuestionnaireExtensions.swift; sourceTree = "<group>"; };
		EE519BA41B0CD4A500036B96 /* README.md */ = {isa = PBXFileReference; lastKnownFileType = net.daringfireball.markdown; path = README.md; sourceTree = "<group>"; };
		EE519BA61B0CD6C500036B96 /* README.md */ = {isa = PBXFileReference; lastKnownFileType = net.daringfireball.markdown; path = README.md; sourceTree = "<group>"; };
		EE5931671AEAD93F00A7C5E1 /* SwiftSMART.xcodeproj */ = {isa = PBXFileReference; lastKnownFileType = "wrapper.pb-project"; name = SwiftSMART.xcodeproj; path = "Swift-SMART/SwiftSMART.xcodeproj"; sourceTree = "<group>"; };
		EE5F4F6B1B174BB000DB38B3 /* DataQueue.swift */ = {isa = PBXFileReference; fileEncoding = 4; lastKnownFileType = sourcecode.swift; path = DataQueue.swift; sourceTree = "<group>"; };
		EE5F4F6D1B17A84A00DB38B3 /* QueuedResource.swift */ = {isa = PBXFileReference; fileEncoding = 4; lastKnownFileType = sourcecode.swift; path = QueuedResource.swift; sourceTree = "<group>"; };
		EE5F4F7E1B18E2B100DB38B3 /* README.md */ = {isa = PBXFileReference; lastKnownFileType = net.daringfireball.markdown; path = README.md; sourceTree = "<group>"; };
		EE65DBDC1CB3F6F900E25C72 /* MIGRATION.md */ = {isa = PBXFileReference; lastKnownFileType = net.daringfireball.markdown; path = MIGRATION.md; sourceTree = "<group>"; };
		EE65DBDD1CB3F9CD00E25C72 /* MIGRATION.md */ = {isa = PBXFileReference; lastKnownFileType = net.daringfireball.markdown; path = MIGRATION.md; sourceTree = "<group>"; };
		EE7A43921B0D08DE00B30D17 /* ConsentController.swift */ = {isa = PBXFileReference; fileEncoding = 4; lastKnownFileType = sourcecode.swift; path = ConsentController.swift; sourceTree = "<group>"; };
		EE851A541BD90984007EC6A9 /* EligibilityStatusViewController.swift */ = {isa = PBXFileReference; fileEncoding = 4; lastKnownFileType = sourcecode.swift; path = EligibilityStatusViewController.swift; sourceTree = "<group>"; };
		EE851A641BD90DBC007EC6A9 /* BorderedButton.swift */ = {isa = PBXFileReference; fileEncoding = 4; lastKnownFileType = sourcecode.swift; path = BorderedButton.swift; sourceTree = "<group>"; };
		EE86C4711C490B7400B7D486 /* SystemServicePermissioner.swift */ = {isa = PBXFileReference; fileEncoding = 4; lastKnownFileType = sourcecode.swift; path = SystemServicePermissioner.swift; sourceTree = "<group>"; };
		EE86C47B1C490C4B00B7D486 /* SystemService.swift */ = {isa = PBXFileReference; fileEncoding = 4; lastKnownFileType = sourcecode.swift; path = SystemService.swift; sourceTree = "<group>"; };
		EE86C47D1C492F3C00B7D486 /* SystemPermissionStep.swift */ = {isa = PBXFileReference; fileEncoding = 4; lastKnownFileType = sourcecode.swift; path = SystemPermissionStep.swift; sourceTree = "<group>"; };
		EE86C47F1C49327D00B7D486 /* SystemPermissionStepViewController.swift */ = {isa = PBXFileReference; fileEncoding = 4; lastKnownFileType = sourcecode.swift; path = SystemPermissionStepViewController.swift; sourceTree = "<group>"; };
		EE86C48C1C4AB47500B7D486 /* PermissionRequestTableViewCell.swift */ = {isa = PBXFileReference; fileEncoding = 4; lastKnownFileType = sourcecode.swift; path = PermissionRequestTableViewCell.swift; sourceTree = "<group>"; };
		EE86C48E1C4AC1E500B7D486 /* String+C3-PRO.swift */ = {isa = PBXFileReference; fileEncoding = 4; lastKnownFileType = sourcecode.swift; name = "String+C3-PRO.swift"; path = "Sources/Common/String+C3-PRO.swift"; sourceTree = "<group>"; };
		EE86C4901C4ADA6400B7D486 /* README.md */ = {isa = PBXFileReference; lastKnownFileType = net.daringfireball.markdown; path = README.md; sourceTree = "<group>"; };
		EE89010F1B7DEE8200F1EDBF /* ConsentTask.swift */ = {isa = PBXFileReference; fileEncoding = 4; lastKnownFileType = sourcecode.swift; path = ConsentTask.swift; sourceTree = "<group>"; };
		EE8901161B7DF08300F1EDBF /* ContractExtensions.swift */ = {isa = PBXFileReference; fileEncoding = 4; lastKnownFileType = sourcecode.swift; path = ContractExtensions.swift; sourceTree = "<group>"; };
		EEA5CF181BEA5B5A00A6D4C9 /* ConsentResult.swift */ = {isa = PBXFileReference; fileEncoding = 4; lastKnownFileType = sourcecode.swift; path = ConsentResult.swift; sourceTree = "<group>"; };
		EEB6DD1A1B5D3F91006A3B9F /* DeIdentifier.swift */ = {isa = PBXFileReference; fileEncoding = 4; lastKnownFileType = sourcecode.swift; path = DeIdentifier.swift; sourceTree = "<group>"; };
		EEB6DD221B5D3FD3006A3B9F /* README.md */ = {isa = PBXFileReference; lastKnownFileType = net.daringfireball.markdown; path = README.md; sourceTree = "<group>"; };
		EEB6DD231B5D3FEC006A3B9F /* Geocoder.swift */ = {isa = PBXFileReference; fileEncoding = 4; lastKnownFileType = sourcecode.swift; path = Geocoder.swift; sourceTree = "<group>"; };
		EEC3C95B1B83D37F0096D5BE /* README.md */ = {isa = PBXFileReference; lastKnownFileType = net.daringfireball.markdown; path = README.md; sourceTree = "<group>"; };
		EEC3C95C1B83D3C80096D5BE /* RSAUtility.swift */ = {isa = PBXFileReference; fileEncoding = 4; lastKnownFileType = sourcecode.swift; path = RSAUtility.swift; sourceTree = "<group>"; };
		EEC3C95E1B83DA650096D5BE /* AESUtility.swift */ = {isa = PBXFileReference; fileEncoding = 4; lastKnownFileType = sourcecode.swift; path = AESUtility.swift; sourceTree = "<group>"; };
		EEC6DC2A1C4D3CDD00A42E87 /* SystemPermissionTableViewController.swift */ = {isa = PBXFileReference; fileEncoding = 4; lastKnownFileType = sourcecode.swift; path = SystemPermissionTableViewController.swift; sourceTree = "<group>"; };
		EEC6DC3E1C4D4F0200A42E87 /* en */ = {isa = PBXFileReference; lastKnownFileType = text.plist.strings; name = en; path = en.lproj/C3PRO.strings; sourceTree = "<group>"; };
		EEE60CD21C68999E00F381B7 /* ConditionalStep.swift */ = {isa = PBXFileReference; fileEncoding = 4; lastKnownFileType = sourcecode.swift; path = ConditionalStep.swift; sourceTree = "<group>"; };
		EEEA7F451BD61E800089BF85 /* StudyIntro.storyboard */ = {isa = PBXFileReference; fileEncoding = 4; lastKnownFileType = file.storyboard; path = StudyIntro.storyboard; sourceTree = "<group>"; };
		EEEA7F471BD61EA20089BF85 /* StudyIntroCollectionViewController.swift */ = {isa = PBXFileReference; fileEncoding = 4; lastKnownFileType = sourcecode.swift; path = StudyIntroCollectionViewController.swift; sourceTree = "<group>"; };
		EEEA7F491BD624490089BF85 /* StudyIntroCollectionViewCell.swift */ = {isa = PBXFileReference; fileEncoding = 4; lastKnownFileType = sourcecode.swift; path = StudyIntroCollectionViewCell.swift; sourceTree = "<group>"; };
		EEEA7F4B1BD627570089BF85 /* StudyIntroItem.swift */ = {isa = PBXFileReference; fileEncoding = 4; lastKnownFileType = sourcecode.swift; path = StudyIntroItem.swift; sourceTree = "<group>"; };
		EEEA7F4F1BD64E040089BF85 /* README.md */ = {isa = PBXFileReference; lastKnownFileType = net.daringfireball.markdown; path = README.md; sourceTree = "<group>"; };
		EEEA7F661BD68DFE0089BF85 /* StudyIntroConfiguration.swift */ = {isa = PBXFileReference; fileEncoding = 4; lastKnownFileType = sourcecode.swift; path = StudyIntroConfiguration.swift; sourceTree = "<group>"; };
		EEEA7F681BD68E800089BF85 /* C3Error.swift */ = {isa = PBXFileReference; fileEncoding = 4; lastKnownFileType = sourcecode.swift; name = C3Error.swift; path = Sources/Common/C3Error.swift; sourceTree = "<group>"; };
		EEEA7FCA1BD784FA0089BF85 /* WebViewController.swift */ = {isa = PBXFileReference; fileEncoding = 4; lastKnownFileType = sourcecode.swift; path = WebViewController.swift; sourceTree = "<group>"; };
		EEEA7FCC1BD785360089BF85 /* FHIRExtensions.swift */ = {isa = PBXFileReference; fileEncoding = 4; lastKnownFileType = sourcecode.swift; path = FHIRExtensions.swift; sourceTree = "<group>"; };
		EEEA7FCD1BD785360089BF85 /* FoundationExtensions.swift */ = {isa = PBXFileReference; fileEncoding = 4; lastKnownFileType = sourcecode.swift; path = FoundationExtensions.swift; sourceTree = "<group>"; };
		EEEA7FD21BD8D9890089BF85 /* EligibilityCheckViewController.swift */ = {isa = PBXFileReference; fileEncoding = 4; lastKnownFileType = sourcecode.swift; path = EligibilityCheckViewController.swift; sourceTree = "<group>"; };
		EEEEAB7F1BDA9648001F8B5C /* EligibilityRequirement.swift */ = {isa = PBXFileReference; fileEncoding = 4; lastKnownFileType = sourcecode.swift; path = EligibilityRequirement.swift; sourceTree = "<group>"; };
		EEEEAB881BDA97EE001F8B5C /* GroupExtensions.swift */ = {isa = PBXFileReference; fileEncoding = 4; lastKnownFileType = sourcecode.swift; path = GroupExtensions.swift; sourceTree = "<group>"; };
		EEF1B0BF1B0CF4BB0061926E /* QuestionnaireController.swift */ = {isa = PBXFileReference; fileEncoding = 4; lastKnownFileType = sourcecode.swift; path = QuestionnaireController.swift; sourceTree = "<group>"; };
		EEF458551B3DC1230076CE76 /* ORKTaskResult+FHIR.swift */ = {isa = PBXFileReference; fileEncoding = 4; lastKnownFileType = sourcecode.swift; path = "ORKTaskResult+FHIR.swift"; sourceTree = "<group>"; };
		EEFA84BB1AE5C18B00E61006 /* C3PRO.framework */ = {isa = PBXFileReference; explicitFileType = wrapper.framework; includeInIndex = 0; path = C3PRO.framework; sourceTree = BUILT_PRODUCTS_DIR; };
		EEFA84BF1AE5C18B00E61006 /* Info.plist */ = {isa = PBXFileReference; lastKnownFileType = text.plist.xml; path = Info.plist; sourceTree = "<group>"; };
		EEFA84C61AE5C18B00E61006 /* C3PROTests.xctest */ = {isa = PBXFileReference; explicitFileType = wrapper.cfbundle; includeInIndex = 0; path = C3PROTests.xctest; sourceTree = BUILT_PRODUCTS_DIR; };
		EEFA84CC1AE5C18B00E61006 /* Info.plist */ = {isa = PBXFileReference; lastKnownFileType = text.plist.xml; path = Info.plist; sourceTree = "<group>"; };
		EEFA84CD1AE5C18B00E61006 /* C3PROTests.swift */ = {isa = PBXFileReference; lastKnownFileType = sourcecode.swift; path = C3PROTests.swift; sourceTree = "<group>"; };
		EEFA84D81AE5C25500E61006 /* QuestionnairePromise.swift */ = {isa = PBXFileReference; fileEncoding = 4; lastKnownFileType = sourcecode.swift; path = QuestionnairePromise.swift; sourceTree = "<group>"; };
		EEFA84D91AE5C25500E61006 /* QuestionnaireItemPromise.swift */ = {isa = PBXFileReference; fileEncoding = 4; lastKnownFileType = sourcecode.swift; path = QuestionnaireItemPromise.swift; sourceTree = "<group>"; };
		EEFA84EC1AE5C29100E61006 /* ResearchKit.xcodeproj */ = {isa = PBXFileReference; lastKnownFileType = "wrapper.pb-project"; name = ResearchKit.xcodeproj; path = ResearchKit/ResearchKit.xcodeproj; sourceTree = "<group>"; };
/* End PBXFileReference section */

/* Begin PBXFrameworksBuildPhase section */
		EEFA84B71AE5C18B00E61006 /* Frameworks */ = {
			isa = PBXFrameworksBuildPhase;
			buildActionMask = 2147483647;
			files = (
				EEA85BEA1C624482009FFBB7 /* CryptoSwift.framework in Frameworks */,
				EE5931771AEAD9AF00A7C5E1 /* SMART.framework in Frameworks */,
				EEFA84FA1AE5C2BC00E61006 /* ResearchKit.framework in Frameworks */,
			);
			runOnlyForDeploymentPostprocessing = 0;
		};
		EEFA84C31AE5C18B00E61006 /* Frameworks */ = {
			isa = PBXFrameworksBuildPhase;
			buildActionMask = 2147483647;
			files = (
				EEFA84C71AE5C18B00E61006 /* C3PRO.framework in Frameworks */,
			);
			runOnlyForDeploymentPostprocessing = 0;
		};
/* End PBXFrameworksBuildPhase section */

/* Begin PBXGroup section */
		EE1AB3B41C23283100711108 /* HealthKit */ = {
			isa = PBXGroup;
			children = (
				EE1AB3B61C23283100711108 /* README.md */,
				EE1AB3B51C23283100711108 /* HKHealthStore+Sampling.swift */,
				EE1AB3B91C23286200711108 /* HKQuantity+FHIR.swift */,
			);
			name = HealthKit;
			path = Sources/HealthKit;
			sourceTree = SOURCE_ROOT;
		};
		EE32BDF81B8396A100024E7A /* Products */ = {
			isa = PBXGroup;
			children = (
				EE32BDFE1B8396A100024E7A /* CryptoSwift.framework */,
				EE1EAD621C5BD631000A0BD4 /* CryptoSwift.framework */,
				EE1EAD661C5BD631000A0BD4 /* CryptoSwift.framework */,
				EE1EAD641C5BD631000A0BD4 /* CryptoSwift.framework */,
				EE32BE001B8396A100024E7A /* CryptoSwiftTests.xctest */,
			);
			name = Products;
			sourceTree = "<group>";
		};
		EE519BA51B0CD69B00036B96 /* Consent & Eligibility */ = {
			isa = PBXGroup;
			children = (
				EE519BA61B0CD6C500036B96 /* README.md */,
				EE65DBDD1CB3F9CD00E25C72 /* MIGRATION.md */,
				EE7A43921B0D08DE00B30D17 /* ConsentController.swift */,
				EE89010F1B7DEE8200F1EDBF /* ConsentTask.swift */,
				EEA5CF181BEA5B5A00A6D4C9 /* ConsentResult.swift */,
				EEEEAB7F1BDA9648001F8B5C /* EligibilityRequirement.swift */,
				EEEA7FD21BD8D9890089BF85 /* EligibilityCheckViewController.swift */,
				EE851A541BD90984007EC6A9 /* EligibilityStatusViewController.swift */,
				EE8901161B7DF08300F1EDBF /* ContractExtensions.swift */,
				EEEEAB881BDA97EE001F8B5C /* GroupExtensions.swift */,
			);
			name = "Consent & Eligibility";
			path = Sources/Consent;
			sourceTree = "<group>";
		};
		EE5931681AEAD93F00A7C5E1 /* Products */ = {
			isa = PBXGroup;
			children = (
				EE5931701AEAD93F00A7C5E1 /* SMART.framework */,
				EE5931721AEAD93F00A7C5E1 /* SwiftSMART-iOSTests.xctest */,
				EE5931741AEAD93F00A7C5E1 /* SMART.framework */,
				EE5931761AEAD93F00A7C5E1 /* SwiftSMART-OSXTests.xctest */,
			);
			name = Products;
			sourceTree = "<group>";
		};
		EE5F4F6A1B174B6B00DB38B3 /* DataQueue */ = {
			isa = PBXGroup;
			children = (
				EE5F4F7E1B18E2B100DB38B3 /* README.md */,
				EE507A2D1B1DF2B000AE02E9 /* DataQueueManager.swift */,
				EE5F4F6B1B174BB000DB38B3 /* DataQueue.swift */,
				EE2D8DE41B87764200D044B4 /* EncryptedDataQueue.swift */,
				EE5F4F6D1B17A84A00DB38B3 /* QueuedResource.swift */,
				EE507A3A1B1E169300AE02E9 /* OAuth2DynRegAppStore.swift */,
			);
			name = DataQueue;
			path = Sources/DataQueue;
			sourceTree = "<group>";
		};
		EE86C47A1C490BB000B7D486 /* SystemServices */ = {
			isa = PBXGroup;
			children = (
				EE86C4901C4ADA6400B7D486 /* README.md */,
				EE86C47B1C490C4B00B7D486 /* SystemService.swift */,
				EE86C4711C490B7400B7D486 /* SystemServicePermissioner.swift */,
				EE86C47D1C492F3C00B7D486 /* SystemPermissionStep.swift */,
				EE86C47F1C49327D00B7D486 /* SystemPermissionStepViewController.swift */,
				EEC6DC2A1C4D3CDD00A42E87 /* SystemPermissionTableViewController.swift */,
				EE86C48C1C4AB47500B7D486 /* PermissionRequestTableViewCell.swift */,
			);
			name = SystemServices;
			path = Sources/SystemServices;
			sourceTree = "<group>";
		};
		EEB6DD211B5D3FA3006A3B9F /* DeIdentifier */ = {
			isa = PBXGroup;
			children = (
				EEB6DD221B5D3FD3006A3B9F /* README.md */,
				EEB6DD1A1B5D3F91006A3B9F /* DeIdentifier.swift */,
				EEB6DD231B5D3FEC006A3B9F /* Geocoder.swift */,
			);
			name = DeIdentifier;
			path = Sources/DeIdentifier;
			sourceTree = "<group>";
		};
		EEC3C9531B83D3460096D5BE /* Encryption */ = {
			isa = PBXGroup;
			children = (
				EEC3C95B1B83D37F0096D5BE /* README.md */,
				EEC3C95C1B83D3C80096D5BE /* RSAUtility.swift */,
				EEC3C95E1B83DA650096D5BE /* AESUtility.swift */,
			);
			name = Encryption;
			path = Sources/Encryption;
			sourceTree = "<group>";
		};
		EEEA7F3D1BD61E4B0089BF85 /* StudyIntro */ = {
			isa = PBXGroup;
			children = (
				EEEA7F4F1BD64E040089BF85 /* README.md */,
				EEEA7F451BD61E800089BF85 /* StudyIntro.storyboard */,
				EEEA7F661BD68DFE0089BF85 /* StudyIntroConfiguration.swift */,
				EEEA7F4B1BD627570089BF85 /* StudyIntroItem.swift */,
				EEEA7F471BD61EA20089BF85 /* StudyIntroCollectionViewController.swift */,
				EEEA7F491BD624490089BF85 /* StudyIntroCollectionViewCell.swift */,
			);
			name = StudyIntro;
			path = Sources/StudyIntro;
			sourceTree = "<group>";
		};
		EEEA7FC11BD784B20089BF85 /* ViewController & Views */ = {
			isa = PBXGroup;
			children = (
				EEEA7FCA1BD784FA0089BF85 /* WebViewController.swift */,
				EE851A641BD90DBC007EC6A9 /* BorderedButton.swift */,
			);
			name = "ViewController & Views";
			path = Sources/ViewController;
			sourceTree = "<group>";
		};
		EEEA7FC91BD784BA0089BF85 /* Extensions */ = {
			isa = PBXGroup;
			children = (
				EEEA7FCC1BD785360089BF85 /* FHIRExtensions.swift */,
				EEEA7FCD1BD785360089BF85 /* FoundationExtensions.swift */,
			);
			name = Extensions;
			path = Sources/Extensions;
			sourceTree = "<group>";
		};
		EEFA84B11AE5C18B00E61006 = {
			isa = PBXGroup;
			children = (
				EE519B9C1B0CD3AC00036B96 /* README.md */,
				EEEA7F681BD68E800089BF85 /* C3Error.swift */,
				EE86C48E1C4AC1E500B7D486 /* String+C3-PRO.swift */,
				EEC6DC3F1C4D4F0200A42E87 /* C3PRO.strings */,
				EEEA7F3D1BD61E4B0089BF85 /* StudyIntro */,
				EE519BA51B0CD69B00036B96 /* Consent & Eligibility */,
				EEFA84BD1AE5C18B00E61006 /* Questionnaire */,
				EE5F4F6A1B174B6B00DB38B3 /* DataQueue */,
				EE1AB3B41C23283100711108 /* HealthKit */,
				EE86C47A1C490BB000B7D486 /* SystemServices */,
				EEC3C9531B83D3460096D5BE /* Encryption */,
				EEB6DD211B5D3FA3006A3B9F /* DeIdentifier */,
				EEEA7FC11BD784B20089BF85 /* ViewController & Views */,
				EEEA7FC91BD784BA0089BF85 /* Extensions */,
				EEFA84BE1AE5C18B00E61006 /* Supporting Files */,
				EEFA84CA1AE5C18B00E61006 /* Tests */,
				EEFA84BC1AE5C18B00E61006 /* Products */,
				EE5931671AEAD93F00A7C5E1 /* SwiftSMART.xcodeproj */,
				EEFA84EC1AE5C29100E61006 /* ResearchKit.xcodeproj */,
				EE32BDF71B8396A100024E7A /* CryptoSwift.xcodeproj */,
			);
			sourceTree = "<group>";
		};
		EEFA84BC1AE5C18B00E61006 /* Products */ = {
			isa = PBXGroup;
			children = (
				EEFA84BB1AE5C18B00E61006 /* C3PRO.framework */,
				EEFA84C61AE5C18B00E61006 /* C3PROTests.xctest */,
			);
			name = Products;
			sourceTree = "<group>";
		};
		EEFA84BD1AE5C18B00E61006 /* Questionnaire */ = {
			isa = PBXGroup;
			children = (
				EE519BA41B0CD4A500036B96 /* README.md */,
				EE65DBDC1CB3F6F900E25C72 /* MIGRATION.md */,
				EEF1B0BF1B0CF4BB0061926E /* QuestionnaireController.swift */,
				EEFA84D81AE5C25500E61006 /* QuestionnairePromise.swift */,
				EEFA84D91AE5C25500E61006 /* QuestionnaireItemPromise.swift */,
				EE0EB96E1AEEE925006AF9E9 /* ConditionalOrderedTask.swift */,
				EEE60CD21C68999E00F381B7 /* ConditionalStep.swift */,
				EE519BA21B0CD44200036B96 /* QuestionnaireExtensions.swift */,
				EEF458551B3DC1230076CE76 /* ORKTaskResult+FHIR.swift */,
			);
			name = Questionnaire;
			path = Sources/Questionnaire;
			sourceTree = "<group>";
		};
		EEFA84BE1AE5C18B00E61006 /* Supporting Files */ = {
			isa = PBXGroup;
			children = (
				EEFA84BF1AE5C18B00E61006 /* Info.plist */,
			);
			name = "Supporting Files";
			path = SupportingFiles;
			sourceTree = "<group>";
		};
		EEFA84CA1AE5C18B00E61006 /* Tests */ = {
			isa = PBXGroup;
			children = (
				EEFA84CD1AE5C18B00E61006 /* C3PROTests.swift */,
				EEFA84CB1AE5C18B00E61006 /* Supporting Files */,
			);
			path = Tests;
			sourceTree = "<group>";
		};
		EEFA84CB1AE5C18B00E61006 /* Supporting Files */ = {
			isa = PBXGroup;
			children = (
				EEFA84CC1AE5C18B00E61006 /* Info.plist */,
			);
			name = "Supporting Files";
			sourceTree = "<group>";
		};
		EEFA84ED1AE5C29100E61006 /* Products */ = {
			isa = PBXGroup;
			children = (
				EEFA84F31AE5C29100E61006 /* ResearchKit.framework */,
				EEFA84F51AE5C29100E61006 /* ResearchKitTests.xctest */,
			);
			name = Products;
			sourceTree = "<group>";
		};
/* End PBXGroup section */

/* Begin PBXHeadersBuildPhase section */
		EEFA84B81AE5C18B00E61006 /* Headers */ = {
			isa = PBXHeadersBuildPhase;
			buildActionMask = 2147483647;
			files = (
			);
			runOnlyForDeploymentPostprocessing = 0;
		};
/* End PBXHeadersBuildPhase section */

/* Begin PBXNativeTarget section */
		EEFA84BA1AE5C18B00E61006 /* C3PRO */ = {
			isa = PBXNativeTarget;
			buildConfigurationList = EEFA84D11AE5C18B00E61006 /* Build configuration list for PBXNativeTarget "C3PRO" */;
			buildPhases = (
				EEFA84B61AE5C18B00E61006 /* Sources */,
				EEFA84B71AE5C18B00E61006 /* Frameworks */,
				EEFA84B81AE5C18B00E61006 /* Headers */,
				EEFA84B91AE5C18B00E61006 /* Resources */,
			);
			buildRules = (
			);
			dependencies = (
				EE32BE071B8396B300024E7A /* PBXTargetDependency */,
				EE5931791AEAD9B800A7C5E1 /* PBXTargetDependency */,
				EEFA84F91AE5C2B300E61006 /* PBXTargetDependency */,
			);
			name = C3PRO;
			productName = ResearchCHIP;
			productReference = EEFA84BB1AE5C18B00E61006 /* C3PRO.framework */;
			productType = "com.apple.product-type.framework";
		};
		EEFA84C51AE5C18B00E61006 /* C3PROTests */ = {
			isa = PBXNativeTarget;
			buildConfigurationList = EEFA84D41AE5C18B00E61006 /* Build configuration list for PBXNativeTarget "C3PROTests" */;
			buildPhases = (
				EEFA84C21AE5C18B00E61006 /* Sources */,
				EEFA84C31AE5C18B00E61006 /* Frameworks */,
				EEFA84C41AE5C18B00E61006 /* Resources */,
			);
			buildRules = (
			);
			dependencies = (
				EEFA84C91AE5C18B00E61006 /* PBXTargetDependency */,
			);
			name = C3PROTests;
			productName = ResearchCHIPTests;
			productReference = EEFA84C61AE5C18B00E61006 /* C3PROTests.xctest */;
			productType = "com.apple.product-type.bundle.unit-test";
		};
/* End PBXNativeTarget section */

/* Begin PBXProject section */
		EEFA84B21AE5C18B00E61006 /* Project object */ = {
			isa = PBXProject;
			attributes = {
				LastSwiftMigration = 0700;
				LastSwiftUpdateCheck = 0700;
				LastUpgradeCheck = 0700;
				ORGANIZATIONNAME = "Boston Children's Hospital";
				TargetAttributes = {
					EEFA84BA1AE5C18B00E61006 = {
						CreatedOnToolsVersion = 6.3;
					};
					EEFA84C51AE5C18B00E61006 = {
						CreatedOnToolsVersion = 6.3;
					};
				};
			};
			buildConfigurationList = EEFA84B51AE5C18B00E61006 /* Build configuration list for PBXProject "C3PRO" */;
			compatibilityVersion = "Xcode 3.2";
			developmentRegion = English;
			hasScannedForEncodings = 0;
			knownRegions = (
				en,
			);
			mainGroup = EEFA84B11AE5C18B00E61006;
			productRefGroup = EEFA84BC1AE5C18B00E61006 /* Products */;
			projectDirPath = "";
			projectReferences = (
				{
					ProductGroup = EE32BDF81B8396A100024E7A /* Products */;
					ProjectRef = EE32BDF71B8396A100024E7A /* CryptoSwift.xcodeproj */;
				},
				{
					ProductGroup = EEFA84ED1AE5C29100E61006 /* Products */;
					ProjectRef = EEFA84EC1AE5C29100E61006 /* ResearchKit.xcodeproj */;
				},
				{
					ProductGroup = EE5931681AEAD93F00A7C5E1 /* Products */;
					ProjectRef = EE5931671AEAD93F00A7C5E1 /* SwiftSMART.xcodeproj */;
				},
			);
			projectRoot = "";
			targets = (
				EEFA84BA1AE5C18B00E61006 /* C3PRO */,
				EEFA84C51AE5C18B00E61006 /* C3PROTests */,
			);
		};
/* End PBXProject section */

/* Begin PBXReferenceProxy section */
		EE1EAD621C5BD631000A0BD4 /* CryptoSwift.framework */ = {
			isa = PBXReferenceProxy;
			fileType = wrapper.framework;
			path = CryptoSwift.framework;
			remoteRef = EE1EAD611C5BD631000A0BD4 /* PBXContainerItemProxy */;
			sourceTree = BUILT_PRODUCTS_DIR;
		};
		EE1EAD641C5BD631000A0BD4 /* CryptoSwift.framework */ = {
			isa = PBXReferenceProxy;
			fileType = wrapper.framework;
			path = CryptoSwift.framework;
			remoteRef = EE1EAD631C5BD631000A0BD4 /* PBXContainerItemProxy */;
			sourceTree = BUILT_PRODUCTS_DIR;
		};
		EE1EAD661C5BD631000A0BD4 /* CryptoSwift.framework */ = {
			isa = PBXReferenceProxy;
			fileType = wrapper.framework;
			path = CryptoSwift.framework;
			remoteRef = EE1EAD651C5BD631000A0BD4 /* PBXContainerItemProxy */;
			sourceTree = BUILT_PRODUCTS_DIR;
		};
		EE32BDFE1B8396A100024E7A /* CryptoSwift.framework */ = {
			isa = PBXReferenceProxy;
			fileType = wrapper.framework;
			path = CryptoSwift.framework;
			remoteRef = EE32BDFD1B8396A100024E7A /* PBXContainerItemProxy */;
			sourceTree = BUILT_PRODUCTS_DIR;
		};
		EE32BE001B8396A100024E7A /* CryptoSwiftTests.xctest */ = {
			isa = PBXReferenceProxy;
			fileType = wrapper.cfbundle;
			path = CryptoSwiftTests.xctest;
			remoteRef = EE32BDFF1B8396A100024E7A /* PBXContainerItemProxy */;
			sourceTree = BUILT_PRODUCTS_DIR;
		};
		EE5931701AEAD93F00A7C5E1 /* SMART.framework */ = {
			isa = PBXReferenceProxy;
			fileType = wrapper.framework;
			path = SMART.framework;
			remoteRef = EE59316F1AEAD93F00A7C5E1 /* PBXContainerItemProxy */;
			sourceTree = BUILT_PRODUCTS_DIR;
		};
		EE5931721AEAD93F00A7C5E1 /* SwiftSMART-iOSTests.xctest */ = {
			isa = PBXReferenceProxy;
			fileType = wrapper.cfbundle;
			path = "SwiftSMART-iOSTests.xctest";
			remoteRef = EE5931711AEAD93F00A7C5E1 /* PBXContainerItemProxy */;
			sourceTree = BUILT_PRODUCTS_DIR;
		};
		EE5931741AEAD93F00A7C5E1 /* SMART.framework */ = {
			isa = PBXReferenceProxy;
			fileType = wrapper.framework;
			path = SMART.framework;
			remoteRef = EE5931731AEAD93F00A7C5E1 /* PBXContainerItemProxy */;
			sourceTree = BUILT_PRODUCTS_DIR;
		};
		EE5931761AEAD93F00A7C5E1 /* SwiftSMART-OSXTests.xctest */ = {
			isa = PBXReferenceProxy;
			fileType = wrapper.cfbundle;
			path = "SwiftSMART-OSXTests.xctest";
			remoteRef = EE5931751AEAD93F00A7C5E1 /* PBXContainerItemProxy */;
			sourceTree = BUILT_PRODUCTS_DIR;
		};
		EEFA84F31AE5C29100E61006 /* ResearchKit.framework */ = {
			isa = PBXReferenceProxy;
			fileType = wrapper.framework;
			path = ResearchKit.framework;
			remoteRef = EEFA84F21AE5C29100E61006 /* PBXContainerItemProxy */;
			sourceTree = BUILT_PRODUCTS_DIR;
		};
		EEFA84F51AE5C29100E61006 /* ResearchKitTests.xctest */ = {
			isa = PBXReferenceProxy;
			fileType = wrapper.cfbundle;
			path = ResearchKitTests.xctest;
			remoteRef = EEFA84F41AE5C29100E61006 /* PBXContainerItemProxy */;
			sourceTree = BUILT_PRODUCTS_DIR;
		};
/* End PBXReferenceProxy section */

/* Begin PBXResourcesBuildPhase section */
		EEFA84B91AE5C18B00E61006 /* Resources */ = {
			isa = PBXResourcesBuildPhase;
			buildActionMask = 2147483647;
			files = (
				EEC6DC3D1C4D4F0200A42E87 /* C3PRO.strings in Resources */,
			);
			runOnlyForDeploymentPostprocessing = 0;
		};
		EEFA84C41AE5C18B00E61006 /* Resources */ = {
			isa = PBXResourcesBuildPhase;
			buildActionMask = 2147483647;
			files = (
			);
			runOnlyForDeploymentPostprocessing = 0;
		};
/* End PBXResourcesBuildPhase section */

/* Begin PBXSourcesBuildPhase section */
		EEFA84B61AE5C18B00E61006 /* Sources */ = {
			isa = PBXSourcesBuildPhase;
			buildActionMask = 2147483647;
			files = (
				EE1AB3BA1C23286200711108 /* HKQuantity+FHIR.swift in Sources */,
				EE5F4F6C1B174BB000DB38B3 /* DataQueue.swift in Sources */,
				EEEA7F481BD61EA20089BF85 /* StudyIntroCollectionViewController.swift in Sources */,
				EEC3C95D1B83D3C80096D5BE /* RSAUtility.swift in Sources */,
				EE851A651BD90DBC007EC6A9 /* BorderedButton.swift in Sources */,
				EE2D8DE51B87764200D044B4 /* EncryptedDataQueue.swift in Sources */,
				EEEA7F4C1BD627570089BF85 /* StudyIntroItem.swift in Sources */,
				EEB6DD241B5D3FEC006A3B9F /* Geocoder.swift in Sources */,
				EEEA7F4A1BD624490089BF85 /* StudyIntroCollectionViewCell.swift in Sources */,
				EEF458561B3DC1230076CE76 /* ORKTaskResult+FHIR.swift in Sources */,
				EEEA7FD01BD785360089BF85 /* FoundationExtensions.swift in Sources */,
				EE8901101B7DEE8200F1EDBF /* ConsentTask.swift in Sources */,
				EE86C4721C490B7400B7D486 /* SystemServicePermissioner.swift in Sources */,
				EE86C47E1C492F3C00B7D486 /* SystemPermissionStep.swift in Sources */,
				EE7A43931B0D08DE00B30D17 /* ConsentController.swift in Sources */,
				EEEA7FCF1BD785360089BF85 /* FHIRExtensions.swift in Sources */,
				EEF1B0C01B0CF4BB0061926E /* QuestionnaireController.swift in Sources */,
				EE851A551BD90984007EC6A9 /* EligibilityStatusViewController.swift in Sources */,
				EEEA7FCB1BD784FA0089BF85 /* WebViewController.swift in Sources */,
				EE507A3B1B1E169300AE02E9 /* OAuth2DynRegAppStore.swift in Sources */,
				EE86C4801C49327D00B7D486 /* SystemPermissionStepViewController.swift in Sources */,
				EEEEAB891BDA97EE001F8B5C /* GroupExtensions.swift in Sources */,
				EEFA84DC1AE5C25500E61006 /* QuestionnaireItemPromise.swift in Sources */,
				EE1AB3B71C23283100711108 /* HKHealthStore+Sampling.swift in Sources */,
				EE86C48F1C4AC1E500B7D486 /* String+C3-PRO.swift in Sources */,
				EE5F4F6E1B17A84A00DB38B3 /* QueuedResource.swift in Sources */,
				EE86C47C1C490C4B00B7D486 /* SystemService.swift in Sources */,
				EEC3C95F1B83DA650096D5BE /* AESUtility.swift in Sources */,
				EEEA7F671BD68DFE0089BF85 /* StudyIntroConfiguration.swift in Sources */,
				EEEA7FD31BD8D9890089BF85 /* EligibilityCheckViewController.swift in Sources */,
				EEEA7F691BD68E800089BF85 /* C3Error.swift in Sources */,
				EE519BA31B0CD44300036B96 /* QuestionnaireExtensions.swift in Sources */,
				EEB6DD1B1B5D3F91006A3B9F /* DeIdentifier.swift in Sources */,
				EEA5CF191BEA5B5A00A6D4C9 /* ConsentResult.swift in Sources */,
				EEE60CD31C68999E00F381B7 /* ConditionalStep.swift in Sources */,
				EE0EB96F1AEEE925006AF9E9 /* ConditionalOrderedTask.swift in Sources */,
				EE8901171B7DF08300F1EDBF /* ContractExtensions.swift in Sources */,
				EE86C48D1C4AB47500B7D486 /* PermissionRequestTableViewCell.swift in Sources */,
				EEFA84DB1AE5C25500E61006 /* QuestionnairePromise.swift in Sources */,
				EEC6DC2B1C4D3CDD00A42E87 /* SystemPermissionTableViewController.swift in Sources */,
				EE507A2E1B1DF2B000AE02E9 /* DataQueueManager.swift in Sources */,
				EEEEAB801BDA9648001F8B5C /* EligibilityRequirement.swift in Sources */,
			);
			runOnlyForDeploymentPostprocessing = 0;
		};
		EEFA84C21AE5C18B00E61006 /* Sources */ = {
			isa = PBXSourcesBuildPhase;
			buildActionMask = 2147483647;
			files = (
				EEFA84CE1AE5C18B00E61006 /* C3PROTests.swift in Sources */,
			);
			runOnlyForDeploymentPostprocessing = 0;
		};
/* End PBXSourcesBuildPhase section */

/* Begin PBXTargetDependency section */
		EE32BE071B8396B300024E7A /* PBXTargetDependency */ = {
			isa = PBXTargetDependency;
			name = CryptoSwift;
			targetProxy = EE32BE061B8396B300024E7A /* PBXContainerItemProxy */;
		};
		EE5931791AEAD9B800A7C5E1 /* PBXTargetDependency */ = {
			isa = PBXTargetDependency;
			name = "SwiftSMART-iOS";
			targetProxy = EE5931781AEAD9B800A7C5E1 /* PBXContainerItemProxy */;
		};
		EEFA84C91AE5C18B00E61006 /* PBXTargetDependency */ = {
			isa = PBXTargetDependency;
			target = EEFA84BA1AE5C18B00E61006 /* C3PRO */;
			targetProxy = EEFA84C81AE5C18B00E61006 /* PBXContainerItemProxy */;
		};
		EEFA84F91AE5C2B300E61006 /* PBXTargetDependency */ = {
			isa = PBXTargetDependency;
			name = ResearchKit;
			targetProxy = EEFA84F81AE5C2B300E61006 /* PBXContainerItemProxy */;
		};
/* End PBXTargetDependency section */

/* Begin PBXVariantGroup section */
		EEC6DC3F1C4D4F0200A42E87 /* C3PRO.strings */ = {
			isa = PBXVariantGroup;
			children = (
				EEC6DC3E1C4D4F0200A42E87 /* en */,
			);
			name = C3PRO.strings;
			sourceTree = "<group>";
		};
/* End PBXVariantGroup section */

/* Begin XCBuildConfiguration section */
		EEFA84CF1AE5C18B00E61006 /* Debug */ = {
			isa = XCBuildConfiguration;
			buildSettings = {
				ALWAYS_SEARCH_USER_PATHS = NO;
				CLANG_CXX_LANGUAGE_STANDARD = "gnu++0x";
				CLANG_CXX_LIBRARY = "libc++";
				CLANG_ENABLE_MODULES = YES;
				CLANG_ENABLE_OBJC_ARC = YES;
				CLANG_WARN_BOOL_CONVERSION = YES;
				CLANG_WARN_CONSTANT_CONVERSION = YES;
				CLANG_WARN_DIRECT_OBJC_ISA_USAGE = YES_ERROR;
				CLANG_WARN_EMPTY_BODY = YES;
				CLANG_WARN_ENUM_CONVERSION = YES;
				CLANG_WARN_INT_CONVERSION = YES;
				CLANG_WARN_OBJC_ROOT_CLASS = YES_ERROR;
				CLANG_WARN_UNREACHABLE_CODE = YES;
				CLANG_WARN__DUPLICATE_METHOD_MATCH = YES;
				"CODE_SIGN_IDENTITY[sdk=iphoneos*]" = "iPhone Developer";
				COPY_PHASE_STRIP = NO;
				CURRENT_PROJECT_VERSION = 1;
				DEBUG_INFORMATION_FORMAT = "dwarf-with-dsym";
				ENABLE_STRICT_OBJC_MSGSEND = YES;
				ENABLE_TESTABILITY = YES;
				GCC_C_LANGUAGE_STANDARD = gnu99;
				GCC_DYNAMIC_NO_PIC = NO;
				GCC_NO_COMMON_BLOCKS = YES;
				GCC_OPTIMIZATION_LEVEL = 0;
				GCC_PREPROCESSOR_DEFINITIONS = (
					"DEBUG=1",
					"$(inherited)",
				);
				GCC_SYMBOLS_PRIVATE_EXTERN = NO;
				GCC_WARN_64_TO_32_BIT_CONVERSION = YES;
				GCC_WARN_ABOUT_RETURN_TYPE = YES_ERROR;
				GCC_WARN_UNDECLARED_SELECTOR = YES;
				GCC_WARN_UNINITIALIZED_AUTOS = YES_AGGRESSIVE;
				GCC_WARN_UNUSED_FUNCTION = YES;
				GCC_WARN_UNUSED_VARIABLE = YES;
				IPHONEOS_DEPLOYMENT_TARGET = 8.3;
				MTL_ENABLE_DEBUG_INFO = YES;
				ONLY_ACTIVE_ARCH = YES;
				SDKROOT = iphoneos;
				SWIFT_OPTIMIZATION_LEVEL = "-Onone";
				TARGETED_DEVICE_FAMILY = "1,2";
				VERSIONING_SYSTEM = "apple-generic";
				VERSION_INFO_PREFIX = "";
			};
			name = Debug;
		};
		EEFA84D01AE5C18B00E61006 /* Release */ = {
			isa = XCBuildConfiguration;
			buildSettings = {
				ALWAYS_SEARCH_USER_PATHS = NO;
				CLANG_CXX_LANGUAGE_STANDARD = "gnu++0x";
				CLANG_CXX_LIBRARY = "libc++";
				CLANG_ENABLE_MODULES = YES;
				CLANG_ENABLE_OBJC_ARC = YES;
				CLANG_WARN_BOOL_CONVERSION = YES;
				CLANG_WARN_CONSTANT_CONVERSION = YES;
				CLANG_WARN_DIRECT_OBJC_ISA_USAGE = YES_ERROR;
				CLANG_WARN_EMPTY_BODY = YES;
				CLANG_WARN_ENUM_CONVERSION = YES;
				CLANG_WARN_INT_CONVERSION = YES;
				CLANG_WARN_OBJC_ROOT_CLASS = YES_ERROR;
				CLANG_WARN_UNREACHABLE_CODE = YES;
				CLANG_WARN__DUPLICATE_METHOD_MATCH = YES;
				"CODE_SIGN_IDENTITY[sdk=iphoneos*]" = "iPhone Developer";
				COPY_PHASE_STRIP = NO;
				CURRENT_PROJECT_VERSION = 1;
				DEBUG_INFORMATION_FORMAT = "dwarf-with-dsym";
				ENABLE_NS_ASSERTIONS = NO;
				ENABLE_STRICT_OBJC_MSGSEND = YES;
				GCC_C_LANGUAGE_STANDARD = gnu99;
				GCC_NO_COMMON_BLOCKS = YES;
				GCC_WARN_64_TO_32_BIT_CONVERSION = YES;
				GCC_WARN_ABOUT_RETURN_TYPE = YES_ERROR;
				GCC_WARN_UNDECLARED_SELECTOR = YES;
				GCC_WARN_UNINITIALIZED_AUTOS = YES_AGGRESSIVE;
				GCC_WARN_UNUSED_FUNCTION = YES;
				GCC_WARN_UNUSED_VARIABLE = YES;
				IPHONEOS_DEPLOYMENT_TARGET = 8.3;
				MTL_ENABLE_DEBUG_INFO = NO;
				SDKROOT = iphoneos;
				TARGETED_DEVICE_FAMILY = "1,2";
				VALIDATE_PRODUCT = YES;
				VERSIONING_SYSTEM = "apple-generic";
				VERSION_INFO_PREFIX = "";
			};
			name = Release;
		};
		EEFA84D21AE5C18B00E61006 /* Debug */ = {
			isa = XCBuildConfiguration;
			buildSettings = {
				CLANG_ENABLE_MODULES = YES;
				DEFINES_MODULE = YES;
				DYLIB_COMPATIBILITY_VERSION = 1;
				DYLIB_CURRENT_VERSION = 1;
				DYLIB_INSTALL_NAME_BASE = "@rpath";
				INFOPLIST_FILE = "$(SRCROOT)/SupportingFiles/Info.plist";
				INSTALL_PATH = "$(LOCAL_LIBRARY_DIR)/Frameworks";
				IPHONEOS_DEPLOYMENT_TARGET = 8.0;
				LD_RUNPATH_SEARCH_PATHS = "$(inherited) @executable_path/Frameworks @loader_path/Frameworks";
				"OTHER_SWIFT_FLAGS[arch=*]" = "-DDEBUG";
				PRODUCT_BUNDLE_IDENTIFIER = "org.chip.c3-pro-ios-framework.$(PRODUCT_NAME:rfc1034identifier)";
				PRODUCT_NAME = C3PRO;
				SKIP_INSTALL = YES;
				SWIFT_OPTIMIZATION_LEVEL = "-Onone";
			};
			name = Debug;
		};
		EEFA84D31AE5C18B00E61006 /* Release */ = {
			isa = XCBuildConfiguration;
			buildSettings = {
				CLANG_ENABLE_MODULES = YES;
				DEFINES_MODULE = YES;
				DYLIB_COMPATIBILITY_VERSION = 1;
				DYLIB_CURRENT_VERSION = 1;
				DYLIB_INSTALL_NAME_BASE = "@rpath";
				INFOPLIST_FILE = "$(SRCROOT)/SupportingFiles/Info.plist";
				INSTALL_PATH = "$(LOCAL_LIBRARY_DIR)/Frameworks";
				IPHONEOS_DEPLOYMENT_TARGET = 8.0;
				LD_RUNPATH_SEARCH_PATHS = "$(inherited) @executable_path/Frameworks @loader_path/Frameworks";
				PRODUCT_BUNDLE_IDENTIFIER = "org.chip.c3-pro-ios-framework.$(PRODUCT_NAME:rfc1034identifier)";
				PRODUCT_NAME = C3PRO;
				SKIP_INSTALL = YES;
			};
			name = Release;
		};
		EEFA84D51AE5C18B00E61006 /* Debug */ = {
			isa = XCBuildConfiguration;
			buildSettings = {
				FRAMEWORK_SEARCH_PATHS = (
					"$(SDKROOT)/Developer/Library/Frameworks",
					"$(inherited)",
				);
				GCC_PREPROCESSOR_DEFINITIONS = (
					"DEBUG=1",
					"$(inherited)",
				);
				INFOPLIST_FILE = Tests/Info.plist;
				LD_RUNPATH_SEARCH_PATHS = "$(inherited) @executable_path/Frameworks @loader_path/Frameworks";
				PRODUCT_NAME = C3PROTests;
			};
			name = Debug;
		};
		EEFA84D61AE5C18B00E61006 /* Release */ = {
			isa = XCBuildConfiguration;
			buildSettings = {
				FRAMEWORK_SEARCH_PATHS = (
					"$(SDKROOT)/Developer/Library/Frameworks",
					"$(inherited)",
				);
				INFOPLIST_FILE = Tests/Info.plist;
				LD_RUNPATH_SEARCH_PATHS = "$(inherited) @executable_path/Frameworks @loader_path/Frameworks";
				PRODUCT_NAME = C3PROTests;
			};
			name = Release;
		};
/* End XCBuildConfiguration section */

/* Begin XCConfigurationList section */
		EEFA84B51AE5C18B00E61006 /* Build configuration list for PBXProject "C3PRO" */ = {
			isa = XCConfigurationList;
			buildConfigurations = (
				EEFA84CF1AE5C18B00E61006 /* Debug */,
				EEFA84D01AE5C18B00E61006 /* Release */,
			);
			defaultConfigurationIsVisible = 0;
			defaultConfigurationName = Release;
		};
		EEFA84D11AE5C18B00E61006 /* Build configuration list for PBXNativeTarget "C3PRO" */ = {
			isa = XCConfigurationList;
			buildConfigurations = (
				EEFA84D21AE5C18B00E61006 /* Debug */,
				EEFA84D31AE5C18B00E61006 /* Release */,
			);
			defaultConfigurationIsVisible = 0;
			defaultConfigurationName = Release;
		};
		EEFA84D41AE5C18B00E61006 /* Build configuration list for PBXNativeTarget "C3PROTests" */ = {
			isa = XCConfigurationList;
			buildConfigurations = (
				EEFA84D51AE5C18B00E61006 /* Debug */,
				EEFA84D61AE5C18B00E61006 /* Release */,
			);
			defaultConfigurationIsVisible = 0;
			defaultConfigurationName = Release;
		};
/* End XCConfigurationList section */
	};
	rootObject = EEFA84B21AE5C18B00E61006 /* Project object */;
}
